// !$*UTF8*$!
{
	archiveVersion = 1;
	classes = {
	};
	objectVersion = 50;
	objects = {

/* Begin PBXBuildFile section */
		8413DF4A9A3639AA0DB70C26 /* Pods_WhatToDo.framework in Frameworks */ = {isa = PBXBuildFile; fileRef = ADD23F03C5D9BCA590F4749D /* Pods_WhatToDo.framework */; };
		D436622A22648C2600A12015 /* Category.swift in Sources */ = {isa = PBXBuildFile; fileRef = D436622922648C2600A12015 /* Category.swift */; };
		D449857F225CA6D100FC7346 /* AppDelegate.swift in Sources */ = {isa = PBXBuildFile; fileRef = D449857E225CA6D100FC7346 /* AppDelegate.swift */; };
		D4498581225CA6D100FC7346 /* TodoListViewController.swift in Sources */ = {isa = PBXBuildFile; fileRef = D4498580225CA6D100FC7346 /* TodoListViewController.swift */; };
		D4498584225CA6D100FC7346 /* Main.storyboard in Resources */ = {isa = PBXBuildFile; fileRef = D4498582225CA6D100FC7346 /* Main.storyboard */; };
		D4498586225CA6D300FC7346 /* Assets.xcassets in Resources */ = {isa = PBXBuildFile; fileRef = D4498585225CA6D300FC7346 /* Assets.xcassets */; };
		D4498589225CA6D300FC7346 /* LaunchScreen.storyboard in Resources */ = {isa = PBXBuildFile; fileRef = D4498587225CA6D300FC7346 /* LaunchScreen.storyboard */; };
		D4C38B37225F3E6100EF9EA9 /* Item.swift in Sources */ = {isa = PBXBuildFile; fileRef = D4C38B36225F3E6100EF9EA9 /* Item.swift */; };
		D4DAD1942264229100B631BD /* CategoryViewController.swift in Sources */ = {isa = PBXBuildFile; fileRef = D4DAD1932264229100B631BD /* CategoryViewController.swift */; };
/* End PBXBuildFile section */

/* Begin PBXFileReference section */
		19CA61C191513E32300BC60D /* Pods-WhatToDo.debug.xcconfig */ = {isa = PBXFileReference; includeInIndex = 1; lastKnownFileType = text.xcconfig; name = "Pods-WhatToDo.debug.xcconfig"; path = "Target Support Files/Pods-WhatToDo/Pods-WhatToDo.debug.xcconfig"; sourceTree = "<group>"; };
		ADD23F03C5D9BCA590F4749D /* Pods_WhatToDo.framework */ = {isa = PBXFileReference; explicitFileType = wrapper.framework; includeInIndex = 0; path = Pods_WhatToDo.framework; sourceTree = BUILT_PRODUCTS_DIR; };
		C4C2A47A4420F643BA4047EA /* Pods-WhatToDo.release.xcconfig */ = {isa = PBXFileReference; includeInIndex = 1; lastKnownFileType = text.xcconfig; name = "Pods-WhatToDo.release.xcconfig"; path = "Target Support Files/Pods-WhatToDo/Pods-WhatToDo.release.xcconfig"; sourceTree = "<group>"; };
		D436622922648C2600A12015 /* Category.swift */ = {isa = PBXFileReference; lastKnownFileType = sourcecode.swift; path = Category.swift; sourceTree = "<group>"; };
		D449857B225CA6D100FC7346 /* WhatToDo.app */ = {isa = PBXFileReference; explicitFileType = wrapper.application; includeInIndex = 0; path = WhatToDo.app; sourceTree = BUILT_PRODUCTS_DIR; };
		D449857E225CA6D100FC7346 /* AppDelegate.swift */ = {isa = PBXFileReference; lastKnownFileType = sourcecode.swift; path = AppDelegate.swift; sourceTree = "<group>"; };
		D4498580225CA6D100FC7346 /* TodoListViewController.swift */ = {isa = PBXFileReference; lastKnownFileType = sourcecode.swift; path = TodoListViewController.swift; sourceTree = "<group>"; };
		D4498583225CA6D100FC7346 /* Base */ = {isa = PBXFileReference; lastKnownFileType = file.storyboard; name = Base; path = Base.lproj/Main.storyboard; sourceTree = "<group>"; };
		D4498585225CA6D300FC7346 /* Assets.xcassets */ = {isa = PBXFileReference; lastKnownFileType = folder.assetcatalog; path = Assets.xcassets; sourceTree = "<group>"; };
		D4498588225CA6D300FC7346 /* Base */ = {isa = PBXFileReference; lastKnownFileType = file.storyboard; name = Base; path = Base.lproj/LaunchScreen.storyboard; sourceTree = "<group>"; };
		D449858A225CA6D300FC7346 /* Info.plist */ = {isa = PBXFileReference; lastKnownFileType = text.plist.xml; path = Info.plist; sourceTree = "<group>"; };
		D4C38B36225F3E6100EF9EA9 /* Item.swift */ = {isa = PBXFileReference; lastKnownFileType = sourcecode.swift; path = Item.swift; sourceTree = "<group>"; };
		D4DAD1932264229100B631BD /* CategoryViewController.swift */ = {isa = PBXFileReference; lastKnownFileType = sourcecode.swift; path = CategoryViewController.swift; sourceTree = "<group>"; };
/* End PBXFileReference section */

/* Begin PBXFrameworksBuildPhase section */
		D4498578225CA6D100FC7346 /* Frameworks */ = {
			isa = PBXFrameworksBuildPhase;
			buildActionMask = 2147483647;
			files = (
				8413DF4A9A3639AA0DB70C26 /* Pods_WhatToDo.framework in Frameworks */,
			);
			runOnlyForDeploymentPostprocessing = 0;
		};
/* End PBXFrameworksBuildPhase section */

/* Begin PBXGroup section */
		5892858BF92D943840083BB7 /* Frameworks */ = {
			isa = PBXGroup;
			children = (
				ADD23F03C5D9BCA590F4749D /* Pods_WhatToDo.framework */,
			);
			name = Frameworks;
			sourceTree = "<group>";
		};
		D4498572225CA6D100FC7346 = {
			isa = PBXGroup;
			children = (
				D449857D225CA6D100FC7346 /* WhatToDo */,
				D449857C225CA6D100FC7346 /* Products */,
				FA3D63C419A6ED5B0993CA95 /* Pods */,
				5892858BF92D943840083BB7 /* Frameworks */,
			);
			sourceTree = "<group>";
		};
		D449857C225CA6D100FC7346 /* Products */ = {
			isa = PBXGroup;
			children = (
				D449857B225CA6D100FC7346 /* WhatToDo.app */,
			);
			name = Products;
			sourceTree = "<group>";
		};
		D449857D225CA6D100FC7346 /* WhatToDo */ = {
			isa = PBXGroup;
			children = (
				D449857E225CA6D100FC7346 /* AppDelegate.swift */,
				D4C38B39225F3EA800EF9EA9 /* Controllers */,
				D4C38B38225F3E9A00EF9EA9 /* Data Model */,
				D4C38B3A225F3EC200EF9EA9 /* Views */,
				D4C38B3B225F3EED00EF9EA9 /* Supporting Files */,
			);
			path = WhatToDo;
			sourceTree = "<group>";
		};
		D4C38B38225F3E9A00EF9EA9 /* Data Model */ = {
			isa = PBXGroup;
			children = (
				D436622922648C2600A12015 /* Category.swift */,
				D4C38B36225F3E6100EF9EA9 /* Item.swift */,
			);
			path = "Data Model";
			sourceTree = "<group>";
		};
		D4C38B39225F3EA800EF9EA9 /* Controllers */ = {
			isa = PBXGroup;
			children = (
				D4DAD1932264229100B631BD /* CategoryViewController.swift */,
				D4498580225CA6D100FC7346 /* TodoListViewController.swift */,
			);
			path = Controllers;
			sourceTree = "<group>";
		};
		D4C38B3A225F3EC200EF9EA9 /* Views */ = {
			isa = PBXGroup;
			children = (
				D4498582225CA6D100FC7346 /* Main.storyboard */,
				D4498587225CA6D300FC7346 /* LaunchScreen.storyboard */,
			);
			path = Views;
			sourceTree = "<group>";
		};
		D4C38B3B225F3EED00EF9EA9 /* Supporting Files */ = {
			isa = PBXGroup;
			children = (
				D4498585225CA6D300FC7346 /* Assets.xcassets */,
				D449858A225CA6D300FC7346 /* Info.plist */,
			);
			path = "Supporting Files";
			sourceTree = "<group>";
		};
		FA3D63C419A6ED5B0993CA95 /* Pods */ = {
			isa = PBXGroup;
			children = (
				19CA61C191513E32300BC60D /* Pods-WhatToDo.debug.xcconfig */,
				C4C2A47A4420F643BA4047EA /* Pods-WhatToDo.release.xcconfig */,
			);
			path = Pods;
			sourceTree = "<group>";
		};
/* End PBXGroup section */

/* Begin PBXNativeTarget section */
		D449857A225CA6D100FC7346 /* WhatToDo */ = {
			isa = PBXNativeTarget;
			buildConfigurationList = D449858D225CA6D300FC7346 /* Build configuration list for PBXNativeTarget "WhatToDo" */;
			buildPhases = (
				E1E4DE08F30D0B316BF51598 /* [CP] Check Pods Manifest.lock */,
				D4498577225CA6D100FC7346 /* Sources */,
				D4498578225CA6D100FC7346 /* Frameworks */,
				D4498579225CA6D100FC7346 /* Resources */,
				2BF25B70DF9E7E23C928D0C5 /* [CP] Embed Pods Frameworks */,
			);
			buildRules = (
			);
			dependencies = (
			);
			name = WhatToDo;
			productName = WhatToDo;
			productReference = D449857B225CA6D100FC7346 /* WhatToDo.app */;
			productType = "com.apple.product-type.application";
		};
/* End PBXNativeTarget section */

/* Begin PBXProject section */
		D4498573225CA6D100FC7346 /* Project object */ = {
			isa = PBXProject;
			attributes = {
				LastSwiftUpdateCheck = 1020;
				LastUpgradeCheck = 1020;
				ORGANIZATIONNAME = Djauhery;
				TargetAttributes = {
					D449857A225CA6D100FC7346 = {
						CreatedOnToolsVersion = 10.2;
					};
				};
			};
			buildConfigurationList = D4498576225CA6D100FC7346 /* Build configuration list for PBXProject "WhatToDo" */;
			compatibilityVersion = "Xcode 9.3";
			developmentRegion = en;
			hasScannedForEncodings = 0;
			knownRegions = (
				en,
				Base,
			);
			mainGroup = D4498572225CA6D100FC7346;
			productRefGroup = D449857C225CA6D100FC7346 /* Products */;
			projectDirPath = "";
			projectRoot = "";
			targets = (
				D449857A225CA6D100FC7346 /* WhatToDo */,
			);
		};
/* End PBXProject section */

/* Begin PBXResourcesBuildPhase section */
		D4498579225CA6D100FC7346 /* Resources */ = {
			isa = PBXResourcesBuildPhase;
			buildActionMask = 2147483647;
			files = (
				D4498589225CA6D300FC7346 /* LaunchScreen.storyboard in Resources */,
				D4498586225CA6D300FC7346 /* Assets.xcassets in Resources */,
				D4498584225CA6D100FC7346 /* Main.storyboard in Resources */,
			);
			runOnlyForDeploymentPostprocessing = 0;
		};
/* End PBXResourcesBuildPhase section */

/* Begin PBXShellScriptBuildPhase section */
		2BF25B70DF9E7E23C928D0C5 /* [CP] Embed Pods Frameworks */ = {
			isa = PBXShellScriptBuildPhase;
			buildActionMask = 2147483647;
			files = (
			);
			inputFileListPaths = (
			);
			inputPaths = (
				"${PODS_ROOT}/Target Support Files/Pods-WhatToDo/Pods-WhatToDo-frameworks.sh",
				"${BUILT_PRODUCTS_DIR}/Realm/Realm.framework",
				"${BUILT_PRODUCTS_DIR}/RealmSwift/RealmSwift.framework",
			);
			name = "[CP] Embed Pods Frameworks";
			outputFileListPaths = (
			);
			outputPaths = (
				"${TARGET_BUILD_DIR}/${FRAMEWORKS_FOLDER_PATH}/Realm.framework",
				"${TARGET_BUILD_DIR}/${FRAMEWORKS_FOLDER_PATH}/RealmSwift.framework",
			);
			runOnlyForDeploymentPostprocessing = 0;
			shellPath = /bin/sh;
			shellScript = "\"${PODS_ROOT}/Target Support Files/Pods-WhatToDo/Pods-WhatToDo-frameworks.sh\"\n";
			showEnvVarsInLog = 0;
		};
		E1E4DE08F30D0B316BF51598 /* [CP] Check Pods Manifest.lock */ = {
			isa = PBXShellScriptBuildPhase;
			buildActionMask = 2147483647;
			files = (
			);
			inputFileListPaths = (
			);
			inputPaths = (
				"${PODS_PODFILE_DIR_PATH}/Podfile.lock",
				"${PODS_ROOT}/Manifest.lock",
			);
			name = "[CP] Check Pods Manifest.lock";
			outputFileListPaths = (
			);
			outputPaths = (
				"$(DERIVED_FILE_DIR)/Pods-WhatToDo-checkManifestLockResult.txt",
			);
			runOnlyForDeploymentPostprocessing = 0;
			shellPath = /bin/sh;
			shellScript = "diff \"${PODS_PODFILE_DIR_PATH}/Podfile.lock\" \"${PODS_ROOT}/Manifest.lock\" > /dev/null\nif [ $? != 0 ] ; then\n    # print error to STDERR\n    echo \"error: The sandbox is not in sync with the Podfile.lock. Run 'pod install' or update your CocoaPods installation.\" >&2\n    exit 1\nfi\n# This output is used by Xcode 'outputs' to avoid re-running this script phase.\necho \"SUCCESS\" > \"${SCRIPT_OUTPUT_FILE_0}\"\n";
			showEnvVarsInLog = 0;
		};
/* End PBXShellScriptBuildPhase section */

/* Begin PBXSourcesBuildPhase section */
		D4498577225CA6D100FC7346 /* Sources */ = {
			isa = PBXSourcesBuildPhase;
			buildActionMask = 2147483647;
			files = (
				D4DAD1942264229100B631BD /* CategoryViewController.swift in Sources */,
				D4498581225CA6D100FC7346 /* TodoListViewController.swift in Sources */,
				D4C38B37225F3E6100EF9EA9 /* Item.swift in Sources */,
				D449857F225CA6D100FC7346 /* AppDelegate.swift in Sources */,
				D436622A22648C2600A12015 /* Category.swift in Sources */,
			);
			runOnlyForDeploymentPostprocessing = 0;
		};
/* End PBXSourcesBuildPhase section */

/* Begin PBXVariantGroup section */
		D4498582225CA6D100FC7346 /* Main.storyboard */ = {
			isa = PBXVariantGroup;
			children = (
				D4498583225CA6D100FC7346 /* Base */,
			);
			name = Main.storyboard;
			sourceTree = "<group>";
		};
		D4498587225CA6D300FC7346 /* LaunchScreen.storyboard */ = {
			isa = PBXVariantGroup;
			children = (
				D4498588225CA6D300FC7346 /* Base */,
			);
			name = LaunchScreen.storyboard;
			sourceTree = "<group>";
		};
/* End PBXVariantGroup section */

/* Begin XCBuildConfiguration section */
		D449858B225CA6D300FC7346 /* Debug */ = {
			isa = XCBuildConfiguration;
			buildSettings = {
				ALWAYS_SEARCH_USER_PATHS = NO;
				CLANG_ANALYZER_NONNULL = YES;
				CLANG_ANALYZER_NUMBER_OBJECT_CONVERSION = YES_AGGRESSIVE;
				CLANG_CXX_LANGUAGE_STANDARD = "gnu++14";
				CLANG_CXX_LIBRARY = "libc++";
				CLANG_ENABLE_MODULES = YES;
				CLANG_ENABLE_OBJC_ARC = YES;
				CLANG_ENABLE_OBJC_WEAK = YES;
				CLANG_WARN_BLOCK_CAPTURE_AUTORELEASING = YES;
				CLANG_WARN_BOOL_CONVERSION = YES;
				CLANG_WARN_COMMA = YES;
				CLANG_WARN_CONSTANT_CONVERSION = YES;
				CLANG_WARN_DEPRECATED_OBJC_IMPLEMENTATIONS = YES;
				CLANG_WARN_DIRECT_OBJC_ISA_USAGE = YES_ERROR;
				CLANG_WARN_DOCUMENTATION_COMMENTS = YES;
				CLANG_WARN_EMPTY_BODY = YES;
				CLANG_WARN_ENUM_CONVERSION = YES;
				CLANG_WARN_INFINITE_RECURSION = YES;
				CLANG_WARN_INT_CONVERSION = YES;
				CLANG_WARN_NON_LITERAL_NULL_CONVERSION = YES;
				CLANG_WARN_OBJC_IMPLICIT_RETAIN_SELF = YES;
				CLANG_WARN_OBJC_LITERAL_CONVERSION = YES;
				CLANG_WARN_OBJC_ROOT_CLASS = YES_ERROR;
				CLANG_WARN_RANGE_LOOP_ANALYSIS = YES;
				CLANG_WARN_STRICT_PROTOTYPES = YES;
				CLANG_WARN_SUSPICIOUS_MOVE = YES;
				CLANG_WARN_UNGUARDED_AVAILABILITY = YES_AGGRESSIVE;
				CLANG_WARN_UNREACHABLE_CODE = YES;
				CLANG_WARN__DUPLICATE_METHOD_MATCH = YES;
				CODE_SIGN_IDENTITY = "iPhone Developer";
				COPY_PHASE_STRIP = NO;
				DEBUG_INFORMATION_FORMAT = dwarf;
				ENABLE_STRICT_OBJC_MSGSEND = YES;
				ENABLE_TESTABILITY = YES;
				GCC_C_LANGUAGE_STANDARD = gnu11;
				GCC_DYNAMIC_NO_PIC = NO;
				GCC_NO_COMMON_BLOCKS = YES;
				GCC_OPTIMIZATION_LEVEL = 0;
				GCC_PREPROCESSOR_DEFINITIONS = (
					"DEBUG=1",
					"$(inherited)",
				);
				GCC_WARN_64_TO_32_BIT_CONVERSION = YES;
				GCC_WARN_ABOUT_RETURN_TYPE = YES_ERROR;
				GCC_WARN_UNDECLARED_SELECTOR = YES;
				GCC_WARN_UNINITIALIZED_AUTOS = YES_AGGRESSIVE;
				GCC_WARN_UNUSED_FUNCTION = YES;
				GCC_WARN_UNUSED_VARIABLE = YES;
				IPHONEOS_DEPLOYMENT_TARGET = 12.2;
				MTL_ENABLE_DEBUG_INFO = INCLUDE_SOURCE;
				MTL_FAST_MATH = YES;
				ONLY_ACTIVE_ARCH = YES;
				SDKROOT = iphoneos;
				SWIFT_ACTIVE_COMPILATION_CONDITIONS = DEBUG;
				SWIFT_OPTIMIZATION_LEVEL = "-Onone";
			};
			name = Debug;
		};
		D449858C225CA6D300FC7346 /* Release */ = {
			isa = XCBuildConfiguration;
			buildSettings = {
				ALWAYS_SEARCH_USER_PATHS = NO;
				CLANG_ANALYZER_NONNULL = YES;
				CLANG_ANALYZER_NUMBER_OBJECT_CONVERSION = YES_AGGRESSIVE;
				CLANG_CXX_LANGUAGE_STANDARD = "gnu++14";
				CLANG_CXX_LIBRARY = "libc++";
				CLANG_ENABLE_MODULES = YES;
				CLANG_ENABLE_OBJC_ARC = YES;
				CLANG_ENABLE_OBJC_WEAK = YES;
				CLANG_WARN_BLOCK_CAPTURE_AUTORELEASING = YES;
				CLANG_WARN_BOOL_CONVERSION = YES;
				CLANG_WARN_COMMA = YES;
				CLANG_WARN_CONSTANT_CONVERSION = YES;
				CLANG_WARN_DEPRECATED_OBJC_IMPLEMENTATIONS = YES;
				CLANG_WARN_DIRECT_OBJC_ISA_USAGE = YES_ERROR;
				CLANG_WARN_DOCUMENTATION_COMMENTS = YES;
				CLANG_WARN_EMPTY_BODY = YES;
				CLANG_WARN_ENUM_CONVERSION = YES;
				CLANG_WARN_INFINITE_RECURSION = YES;
				CLANG_WARN_INT_CONVERSION = YES;
				CLANG_WARN_NON_LITERAL_NULL_CONVERSION = YES;
				CLANG_WARN_OBJC_IMPLICIT_RETAIN_SELF = YES;
				CLANG_WARN_OBJC_LITERAL_CONVERSION = YES;
				CLANG_WARN_OBJC_ROOT_CLASS = YES_ERROR;
				CLANG_WARN_RANGE_LOOP_ANALYSIS = YES;
				CLANG_WARN_STRICT_PROTOTYPES = YES;
				CLANG_WARN_SUSPICIOUS_MOVE = YES;
				CLANG_WARN_UNGUARDED_AVAILABILITY = YES_AGGRESSIVE;
				CLANG_WARN_UNREACHABLE_CODE = YES;
				CLANG_WARN__DUPLICATE_METHOD_MATCH = YES;
				CODE_SIGN_IDENTITY = "iPhone Developer";
				COPY_PHASE_STRIP = NO;
				DEBUG_INFORMATION_FORMAT = "dwarf-with-dsym";
				ENABLE_NS_ASSERTIONS = NO;
				ENABLE_STRICT_OBJC_MSGSEND = YES;
				GCC_C_LANGUAGE_STANDARD = gnu11;
				GCC_NO_COMMON_BLOCKS = YES;
				GCC_WARN_64_TO_32_BIT_CONVERSION = YES;
				GCC_WARN_ABOUT_RETURN_TYPE = YES_ERROR;
				GCC_WARN_UNDECLARED_SELECTOR = YES;
				GCC_WARN_UNINITIALIZED_AUTOS = YES_AGGRESSIVE;
				GCC_WARN_UNUSED_FUNCTION = YES;
				GCC_WARN_UNUSED_VARIABLE = YES;
				IPHONEOS_DEPLOYMENT_TARGET = 12.2;
				MTL_ENABLE_DEBUG_INFO = NO;
				MTL_FAST_MATH = YES;
				SDKROOT = iphoneos;
				SWIFT_COMPILATION_MODE = wholemodule;
				SWIFT_OPTIMIZATION_LEVEL = "-O";
				VALIDATE_PRODUCT = YES;
			};
			name = Release;
		};
		D449858E225CA6D300FC7346 /* Debug */ = {
			isa = XCBuildConfiguration;
			baseConfigurationReference = 19CA61C191513E32300BC60D /* Pods-WhatToDo.debug.xcconfig */;
			buildSettings = {
				ASSETCATALOG_COMPILER_APPICON_NAME = AppIcon;
				CODE_SIGN_STYLE = Automatic;
				INFOPLIST_FILE = "WhatToDo/Supporting Files/Info.plist";
				LD_RUNPATH_SEARCH_PATHS = (
					"$(inherited)",
					"@executable_path/Frameworks",
				);
				PRODUCT_BUNDLE_IDENTIFIER = com.h3ry4ng.WhatToDo;
				PRODUCT_NAME = "$(TARGET_NAME)";
				SWIFT_VERSION = 5.0;
				TARGETED_DEVICE_FAMILY = "1,2";
			};
			name = Debug;
		};
		D449858F225CA6D300FC7346 /* Release */ = {
			isa = XCBuildConfiguration;
			baseConfigurationReference = C4C2A47A4420F643BA4047EA /* Pods-WhatToDo.release.xcconfig */;
			buildSettings = {
				ASSETCATALOG_COMPILER_APPICON_NAME = AppIcon;
				CODE_SIGN_STYLE = Automatic;
				INFOPLIST_FILE = "WhatToDo/Supporting Files/Info.plist";
				LD_RUNPATH_SEARCH_PATHS = (
					"$(inherited)",
					"@executable_path/Frameworks",
				);
				PRODUCT_BUNDLE_IDENTIFIER = com.h3ry4ng.WhatToDo;
				PRODUCT_NAME = "$(TARGET_NAME)";
				SWIFT_VERSION = 5.0;
				TARGETED_DEVICE_FAMILY = "1,2";
			};
			name = Release;
		};
/* End XCBuildConfiguration section */

/* Begin XCConfigurationList section */
		D4498576225CA6D100FC7346 /* Build configuration list for PBXProject "WhatToDo" */ = {
			isa = XCConfigurationList;
			buildConfigurations = (
				D449858B225CA6D300FC7346 /* Debug */,
				D449858C225CA6D300FC7346 /* Release */,
			);
			defaultConfigurationIsVisible = 0;
			defaultConfigurationName = Release;
		};
		D449858D225CA6D300FC7346 /* Build configuration list for PBXNativeTarget "WhatToDo" */ = {
			isa = XCConfigurationList;
			buildConfigurations = (
				D449858E225CA6D300FC7346 /* Debug */,
				D449858F225CA6D300FC7346 /* Release */,
			);
			defaultConfigurationIsVisible = 0;
			defaultConfigurationName = Release;
		};
/* End XCConfigurationList section */
	};
	rootObject = D4498573225CA6D100FC7346 /* Project object */;
}
